// !$*UTF8*$!
{
	archiveVersion = 1;
	classes = {
	};
	objectVersion = 55;
	objects = {

/* Begin PBXBuildFile section */
		007C4C8027A3DA7100CE2E6C /* Tests_iOS.swift in Sources */ = {isa = PBXBuildFile; fileRef = 007C4C7F27A3DA7100CE2E6C /* Tests_iOS.swift */; };
		007C4C8227A3DA7100CE2E6C /* Tests_iOSLaunchTests.swift in Sources */ = {isa = PBXBuildFile; fileRef = 007C4C8127A3DA7100CE2E6C /* Tests_iOSLaunchTests.swift */; };
		007C4C8C27A3DA7100CE2E6C /* Tests_macOS.swift in Sources */ = {isa = PBXBuildFile; fileRef = 007C4C8B27A3DA7100CE2E6C /* Tests_macOS.swift */; };
		007C4C8E27A3DA7100CE2E6C /* Tests_macOSLaunchTests.swift in Sources */ = {isa = PBXBuildFile; fileRef = 007C4C8D27A3DA7100CE2E6C /* Tests_macOSLaunchTests.swift */; };
		007C4C8F27A3DA7100CE2E6C /* RecipesApp.swift in Sources */ = {isa = PBXBuildFile; fileRef = 007C4C6727A3DA7100CE2E6C /* RecipesApp.swift */; };
		007C4C9027A3DA7100CE2E6C /* RecipesApp.swift in Sources */ = {isa = PBXBuildFile; fileRef = 007C4C6727A3DA7100CE2E6C /* RecipesApp.swift */; };
		007C4C9127A3DA7100CE2E6C /* ContentView.swift in Sources */ = {isa = PBXBuildFile; fileRef = 007C4C6827A3DA7100CE2E6C /* ContentView.swift */; };
		007C4C9227A3DA7100CE2E6C /* ContentView.swift in Sources */ = {isa = PBXBuildFile; fileRef = 007C4C6827A3DA7100CE2E6C /* ContentView.swift */; };
		007C4C9327A3DA7100CE2E6C /* Assets.xcassets in Resources */ = {isa = PBXBuildFile; fileRef = 007C4C6927A3DA7100CE2E6C /* Assets.xcassets */; };
		007C4C9427A3DA7100CE2E6C /* Assets.xcassets in Resources */ = {isa = PBXBuildFile; fileRef = 007C4C6927A3DA7100CE2E6C /* Assets.xcassets */; };
		007C4CA627A3DD8E00CE2E6C /* RecipeCardView.swift in Sources */ = {isa = PBXBuildFile; fileRef = 007C4CA527A3DD8E00CE2E6C /* RecipeCardView.swift */; };
		007C4CA827A3DE4500CE2E6C /* RecipeHeaderView.swift in Sources */ = {isa = PBXBuildFile; fileRef = 007C4CA727A3DE4500CE2E6C /* RecipeHeaderView.swift */; };
		007C4CAA27A3DF2800CE2E6C /* RecipeNutrientsView.swift in Sources */ = {isa = PBXBuildFile; fileRef = 007C4CA927A3DF2800CE2E6C /* RecipeNutrientsView.swift */; };
		007C4CAC27A3DFBD00CE2E6C /* RecipeRowView.swift in Sources */ = {isa = PBXBuildFile; fileRef = 007C4CAB27A3DFBD00CE2E6C /* RecipeRowView.swift */; };
		007C4CAE27A3E04200CE2E6C /* SettingsLabelView.swift in Sources */ = {isa = PBXBuildFile; fileRef = 007C4CAD27A3E04200CE2E6C /* SettingsLabelView.swift */; };
		007C4CB027A3E06F00CE2E6C /* SourceLinkView.swift in Sources */ = {isa = PBXBuildFile; fileRef = 007C4CAF27A3E06F00CE2E6C /* SourceLinkView.swift */; };
		007C4CB227A3E0B200CE2E6C /* StartButtonView.swift in Sources */ = {isa = PBXBuildFile; fileRef = 007C4CB127A3E0B200CE2E6C /* StartButtonView.swift */; };
		007C4CB427A3E1D600CE2E6C /* RecipeDetailView.swift in Sources */ = {isa = PBXBuildFile; fileRef = 007C4CB327A3E1D600CE2E6C /* RecipeDetailView.swift */; };
		007C4CB627A3E33E00CE2E6C /* OnboardingView.swift in Sources */ = {isa = PBXBuildFile; fileRef = 007C4CB527A3E33E00CE2E6C /* OnboardingView.swift */; };
		007C4CB827A3E37C00CE2E6C /* SettingsRowView.swift in Sources */ = {isa = PBXBuildFile; fileRef = 007C4CB727A3E37C00CE2E6C /* SettingsRowView.swift */; };
		007C4CBA27A3E3EC00CE2E6C /* SettingsView.swift in Sources */ = {isa = PBXBuildFile; fileRef = 007C4CB927A3E3EC00CE2E6C /* SettingsView.swift */; };
		007C4CBF27A3E4C500CE2E6C /* RecipeData.swift in Sources */ = {isa = PBXBuildFile; fileRef = 007C4CBE27A3E4C500CE2E6C /* RecipeData.swift */; };
		007C4CC227A3E5A000CE2E6C /* RecipeModel.swift in Sources */ = {isa = PBXBuildFile; fileRef = 007C4CC127A3E5A000CE2E6C /* RecipeModel.swift */; };
/* End PBXBuildFile section */

/* Begin PBXContainerItemProxy section */
		007C4C7C27A3DA7100CE2E6C /* PBXContainerItemProxy */ = {
			isa = PBXContainerItemProxy;
			containerPortal = 007C4C6227A3DA7000CE2E6C /* Project object */;
			proxyType = 1;
			remoteGlobalIDString = 007C4C6D27A3DA7100CE2E6C;
			remoteInfo = "Recipes (iOS)";
		};
		007C4C8827A3DA7100CE2E6C /* PBXContainerItemProxy */ = {
			isa = PBXContainerItemProxy;
			containerPortal = 007C4C6227A3DA7000CE2E6C /* Project object */;
			proxyType = 1;
			remoteGlobalIDString = 007C4C7327A3DA7100CE2E6C;
			remoteInfo = "Recipes (macOS)";
		};
/* End PBXContainerItemProxy section */

/* Begin PBXFileReference section */
		007C4C6727A3DA7100CE2E6C /* RecipesApp.swift */ = {isa = PBXFileReference; lastKnownFileType = sourcecode.swift; path = RecipesApp.swift; sourceTree = "<group>"; };
		007C4C6827A3DA7100CE2E6C /* ContentView.swift */ = {isa = PBXFileReference; lastKnownFileType = sourcecode.swift; path = ContentView.swift; sourceTree = "<group>"; };
		007C4C6927A3DA7100CE2E6C /* Assets.xcassets */ = {isa = PBXFileReference; lastKnownFileType = folder.assetcatalog; path = Assets.xcassets; sourceTree = "<group>"; };
		007C4C6E27A3DA7100CE2E6C /* Recipes.app */ = {isa = PBXFileReference; explicitFileType = wrapper.application; includeInIndex = 0; path = Recipes.app; sourceTree = BUILT_PRODUCTS_DIR; };
		007C4C7427A3DA7100CE2E6C /* Recipes.app */ = {isa = PBXFileReference; explicitFileType = wrapper.application; includeInIndex = 0; path = Recipes.app; sourceTree = BUILT_PRODUCTS_DIR; };
		007C4C7627A3DA7100CE2E6C /* macOS.entitlements */ = {isa = PBXFileReference; lastKnownFileType = text.plist.entitlements; path = macOS.entitlements; sourceTree = "<group>"; };
		007C4C7B27A3DA7100CE2E6C /* Tests iOS.xctest */ = {isa = PBXFileReference; explicitFileType = wrapper.cfbundle; includeInIndex = 0; path = "Tests iOS.xctest"; sourceTree = BUILT_PRODUCTS_DIR; };
		007C4C7F27A3DA7100CE2E6C /* Tests_iOS.swift */ = {isa = PBXFileReference; lastKnownFileType = sourcecode.swift; path = Tests_iOS.swift; sourceTree = "<group>"; };
		007C4C8127A3DA7100CE2E6C /* Tests_iOSLaunchTests.swift */ = {isa = PBXFileReference; lastKnownFileType = sourcecode.swift; path = Tests_iOSLaunchTests.swift; sourceTree = "<group>"; };
		007C4C8727A3DA7100CE2E6C /* Tests macOS.xctest */ = {isa = PBXFileReference; explicitFileType = wrapper.cfbundle; includeInIndex = 0; path = "Tests macOS.xctest"; sourceTree = BUILT_PRODUCTS_DIR; };
		007C4C8B27A3DA7100CE2E6C /* Tests_macOS.swift */ = {isa = PBXFileReference; lastKnownFileType = sourcecode.swift; path = Tests_macOS.swift; sourceTree = "<group>"; };
		007C4C8D27A3DA7100CE2E6C /* Tests_macOSLaunchTests.swift */ = {isa = PBXFileReference; lastKnownFileType = sourcecode.swift; path = Tests_macOSLaunchTests.swift; sourceTree = "<group>"; };
		007C4CA527A3DD8E00CE2E6C /* RecipeCardView.swift */ = {isa = PBXFileReference; lastKnownFileType = sourcecode.swift; path = RecipeCardView.swift; sourceTree = "<group>"; };
		007C4CA727A3DE4500CE2E6C /* RecipeHeaderView.swift */ = {isa = PBXFileReference; lastKnownFileType = sourcecode.swift; path = RecipeHeaderView.swift; sourceTree = "<group>"; };
		007C4CA927A3DF2800CE2E6C /* RecipeNutrientsView.swift */ = {isa = PBXFileReference; lastKnownFileType = sourcecode.swift; path = RecipeNutrientsView.swift; sourceTree = "<group>"; };
		007C4CAB27A3DFBD00CE2E6C /* RecipeRowView.swift */ = {isa = PBXFileReference; lastKnownFileType = sourcecode.swift; path = RecipeRowView.swift; sourceTree = "<group>"; };
		007C4CAD27A3E04200CE2E6C /* SettingsLabelView.swift */ = {isa = PBXFileReference; lastKnownFileType = sourcecode.swift; path = SettingsLabelView.swift; sourceTree = "<group>"; };
		007C4CAF27A3E06F00CE2E6C /* SourceLinkView.swift */ = {isa = PBXFileReference; lastKnownFileType = sourcecode.swift; path = SourceLinkView.swift; sourceTree = "<group>"; };
		007C4CB127A3E0B200CE2E6C /* StartButtonView.swift */ = {isa = PBXFileReference; lastKnownFileType = sourcecode.swift; path = StartButtonView.swift; sourceTree = "<group>"; };
		007C4CB327A3E1D600CE2E6C /* RecipeDetailView.swift */ = {isa = PBXFileReference; lastKnownFileType = sourcecode.swift; path = RecipeDetailView.swift; sourceTree = "<group>"; };
		007C4CB527A3E33E00CE2E6C /* OnboardingView.swift */ = {isa = PBXFileReference; lastKnownFileType = sourcecode.swift; path = OnboardingView.swift; sourceTree = "<group>"; };
		007C4CB727A3E37C00CE2E6C /* SettingsRowView.swift */ = {isa = PBXFileReference; lastKnownFileType = sourcecode.swift; path = SettingsRowView.swift; sourceTree = "<group>"; };
		007C4CB927A3E3EC00CE2E6C /* SettingsView.swift */ = {isa = PBXFileReference; lastKnownFileType = sourcecode.swift; path = SettingsView.swift; sourceTree = "<group>"; };
		007C4CBE27A3E4C500CE2E6C /* RecipeData.swift */ = {isa = PBXFileReference; lastKnownFileType = sourcecode.swift; path = RecipeData.swift; sourceTree = "<group>"; };
		007C4CC127A3E5A000CE2E6C /* RecipeModel.swift */ = {isa = PBXFileReference; lastKnownFileType = sourcecode.swift; path = RecipeModel.swift; sourceTree = "<group>"; };
/* End PBXFileReference section */

/* Begin PBXFrameworksBuildPhase section */
		007C4C6B27A3DA7100CE2E6C /* Frameworks */ = {
			isa = PBXFrameworksBuildPhase;
			buildActionMask = 2147483647;
			files = (
			);
			runOnlyForDeploymentPostprocessing = 0;
		};
		007C4C7127A3DA7100CE2E6C /* Frameworks */ = {
			isa = PBXFrameworksBuildPhase;
			buildActionMask = 2147483647;
			files = (
			);
			runOnlyForDeploymentPostprocessing = 0;
		};
		007C4C7827A3DA7100CE2E6C /* Frameworks */ = {
			isa = PBXFrameworksBuildPhase;
			buildActionMask = 2147483647;
			files = (
			);
			runOnlyForDeploymentPostprocessing = 0;
		};
		007C4C8427A3DA7100CE2E6C /* Frameworks */ = {
			isa = PBXFrameworksBuildPhase;
			buildActionMask = 2147483647;
			files = (
			);
			runOnlyForDeploymentPostprocessing = 0;
		};
/* End PBXFrameworksBuildPhase section */

/* Begin PBXGroup section */
		007C4C6127A3DA7000CE2E6C = {
			isa = PBXGroup;
			children = (
				007C4C6627A3DA7100CE2E6C /* Recipes */,
				007C4C7527A3DA7100CE2E6C /* macOS */,
				007C4C7E27A3DA7100CE2E6C /* Tests iOS */,
				007C4C8A27A3DA7100CE2E6C /* Tests macOS */,
				007C4C6F27A3DA7100CE2E6C /* Products */,
			);
			sourceTree = "<group>";
		};
		007C4C6627A3DA7100CE2E6C /* Recipes */ = {
			isa = PBXGroup;
			children = (
				007C4CC027A3E57300CE2E6C /* Model */,
				007C4CBB27A3E46000CE2E6C /* Data */,
				007C4CA427A3DD7400CE2E6C /* View */,
				007C4CA327A3DD5900CE2E6C /* App */,
				007C4C6927A3DA7100CE2E6C /* Assets.xcassets */,
			);
			path = Recipes;
			sourceTree = "<group>";
		};
		007C4C6F27A3DA7100CE2E6C /* Products */ = {
			isa = PBXGroup;
			children = (
				007C4C6E27A3DA7100CE2E6C /* Recipes.app */,
				007C4C7427A3DA7100CE2E6C /* Recipes.app */,
				007C4C7B27A3DA7100CE2E6C /* Tests iOS.xctest */,
				007C4C8727A3DA7100CE2E6C /* Tests macOS.xctest */,
			);
			name = Products;
			sourceTree = "<group>";
		};
		007C4C7527A3DA7100CE2E6C /* macOS */ = {
			isa = PBXGroup;
			children = (
				007C4C7627A3DA7100CE2E6C /* macOS.entitlements */,
			);
			path = macOS;
			sourceTree = "<group>";
		};
		007C4C7E27A3DA7100CE2E6C /* Tests iOS */ = {
			isa = PBXGroup;
			children = (
				007C4C7F27A3DA7100CE2E6C /* Tests_iOS.swift */,
				007C4C8127A3DA7100CE2E6C /* Tests_iOSLaunchTests.swift */,
			);
			path = "Tests iOS";
			sourceTree = "<group>";
		};
		007C4C8A27A3DA7100CE2E6C /* Tests macOS */ = {
			isa = PBXGroup;
			children = (
				007C4C8B27A3DA7100CE2E6C /* Tests_macOS.swift */,
				007C4C8D27A3DA7100CE2E6C /* Tests_macOSLaunchTests.swift */,
			);
			path = "Tests macOS";
			sourceTree = "<group>";
		};
		007C4CA327A3DD5900CE2E6C /* App */ = {
			isa = PBXGroup;
			children = (
				007C4C6727A3DA7100CE2E6C /* RecipesApp.swift */,
				007C4C6827A3DA7100CE2E6C /* ContentView.swift */,
				007C4CB327A3E1D600CE2E6C /* RecipeDetailView.swift */,
				007C4CB527A3E33E00CE2E6C /* OnboardingView.swift */,
				007C4CB727A3E37C00CE2E6C /* SettingsRowView.swift */,
				007C4CB927A3E3EC00CE2E6C /* SettingsView.swift */,
			);
			path = App;
			sourceTree = "<group>";
		};
		007C4CA427A3DD7400CE2E6C /* View */ = {
			isa = PBXGroup;
			children = (
				007C4CA527A3DD8E00CE2E6C /* RecipeCardView.swift */,
				007C4CA727A3DE4500CE2E6C /* RecipeHeaderView.swift */,
				007C4CA927A3DF2800CE2E6C /* RecipeNutrientsView.swift */,
				007C4CAB27A3DFBD00CE2E6C /* RecipeRowView.swift */,
				007C4CAD27A3E04200CE2E6C /* SettingsLabelView.swift */,
				007C4CAF27A3E06F00CE2E6C /* SourceLinkView.swift */,
				007C4CB127A3E0B200CE2E6C /* StartButtonView.swift */,
			);
			path = View;
			sourceTree = "<group>";
		};
		007C4CBB27A3E46000CE2E6C /* Data */ = {
			isa = PBXGroup;
			children = (
				007C4CBE27A3E4C500CE2E6C /* RecipeData.swift */,
			);
			path = Data;
			sourceTree = "<group>";
		};
		007C4CC027A3E57300CE2E6C /* Model */ = {
			isa = PBXGroup;
			children = (
				007C4CC127A3E5A000CE2E6C /* RecipeModel.swift */,
			);
			path = Model;
			sourceTree = "<group>";
		};
/* End PBXGroup section */

/* Begin PBXNativeTarget section */
		007C4C6D27A3DA7100CE2E6C /* Recipes (iOS) */ = {
			isa = PBXNativeTarget;
			buildConfigurationList = 007C4C9727A3DA7100CE2E6C /* Build configuration list for PBXNativeTarget "Recipes (iOS)" */;
			buildPhases = (
				007C4C6A27A3DA7100CE2E6C /* Sources */,
				007C4C6B27A3DA7100CE2E6C /* Frameworks */,
				007C4C6C27A3DA7100CE2E6C /* Resources */,
			);
			buildRules = (
			);
			dependencies = (
			);
			name = "Recipes (iOS)";
			productName = "Recipes (iOS)";
			productReference = 007C4C6E27A3DA7100CE2E6C /* Recipes.app */;
			productType = "com.apple.product-type.application";
		};
		007C4C7327A3DA7100CE2E6C /* Recipes (macOS) */ = {
			isa = PBXNativeTarget;
			buildConfigurationList = 007C4C9A27A3DA7100CE2E6C /* Build configuration list for PBXNativeTarget "Recipes (macOS)" */;
			buildPhases = (
				007C4C7027A3DA7100CE2E6C /* Sources */,
				007C4C7127A3DA7100CE2E6C /* Frameworks */,
				007C4C7227A3DA7100CE2E6C /* Resources */,
			);
			buildRules = (
			);
			dependencies = (
			);
			name = "Recipes (macOS)";
			productName = "Recipes (macOS)";
			productReference = 007C4C7427A3DA7100CE2E6C /* Recipes.app */;
			productType = "com.apple.product-type.application";
		};
		007C4C7A27A3DA7100CE2E6C /* Tests iOS */ = {
			isa = PBXNativeTarget;
			buildConfigurationList = 007C4C9D27A3DA7100CE2E6C /* Build configuration list for PBXNativeTarget "Tests iOS" */;
			buildPhases = (
				007C4C7727A3DA7100CE2E6C /* Sources */,
				007C4C7827A3DA7100CE2E6C /* Frameworks */,
				007C4C7927A3DA7100CE2E6C /* Resources */,
			);
			buildRules = (
			);
			dependencies = (
				007C4C7D27A3DA7100CE2E6C /* PBXTargetDependency */,
			);
			name = "Tests iOS";
			productName = "Tests iOS";
			productReference = 007C4C7B27A3DA7100CE2E6C /* Tests iOS.xctest */;
			productType = "com.apple.product-type.bundle.ui-testing";
		};
		007C4C8627A3DA7100CE2E6C /* Tests macOS */ = {
			isa = PBXNativeTarget;
			buildConfigurationList = 007C4CA027A3DA7100CE2E6C /* Build configuration list for PBXNativeTarget "Tests macOS" */;
			buildPhases = (
				007C4C8327A3DA7100CE2E6C /* Sources */,
				007C4C8427A3DA7100CE2E6C /* Frameworks */,
				007C4C8527A3DA7100CE2E6C /* Resources */,
			);
			buildRules = (
			);
			dependencies = (
				007C4C8927A3DA7100CE2E6C /* PBXTargetDependency */,
			);
			name = "Tests macOS";
			productName = "Tests macOS";
			productReference = 007C4C8727A3DA7100CE2E6C /* Tests macOS.xctest */;
			productType = "com.apple.product-type.bundle.ui-testing";
		};
/* End PBXNativeTarget section */

/* Begin PBXProject section */
		007C4C6227A3DA7000CE2E6C /* Project object */ = {
			isa = PBXProject;
			attributes = {
				BuildIndependentTargetsInParallel = 1;
				LastSwiftUpdateCheck = 1320;
				LastUpgradeCheck = 1320;
				TargetAttributes = {
					007C4C6D27A3DA7100CE2E6C = {
						CreatedOnToolsVersion = 13.2.1;
					};
					007C4C7327A3DA7100CE2E6C = {
						CreatedOnToolsVersion = 13.2.1;
					};
					007C4C7A27A3DA7100CE2E6C = {
						CreatedOnToolsVersion = 13.2.1;
						TestTargetID = 007C4C6D27A3DA7100CE2E6C;
					};
					007C4C8627A3DA7100CE2E6C = {
						CreatedOnToolsVersion = 13.2.1;
						TestTargetID = 007C4C7327A3DA7100CE2E6C;
					};
				};
			};
			buildConfigurationList = 007C4C6527A3DA7000CE2E6C /* Build configuration list for PBXProject "Recipes" */;
			compatibilityVersion = "Xcode 13.0";
			developmentRegion = en;
			hasScannedForEncodings = 0;
			knownRegions = (
				en,
				Base,
			);
			mainGroup = 007C4C6127A3DA7000CE2E6C;
			productRefGroup = 007C4C6F27A3DA7100CE2E6C /* Products */;
			projectDirPath = "";
			projectRoot = "";
			targets = (
				007C4C6D27A3DA7100CE2E6C /* Recipes (iOS) */,
				007C4C7327A3DA7100CE2E6C /* Recipes (macOS) */,
				007C4C7A27A3DA7100CE2E6C /* Tests iOS */,
				007C4C8627A3DA7100CE2E6C /* Tests macOS */,
			);
		};
/* End PBXProject section */

/* Begin PBXResourcesBuildPhase section */
		007C4C6C27A3DA7100CE2E6C /* Resources */ = {
			isa = PBXResourcesBuildPhase;
			buildActionMask = 2147483647;
			files = (
				007C4C9327A3DA7100CE2E6C /* Assets.xcassets in Resources */,
			);
			runOnlyForDeploymentPostprocessing = 0;
		};
		007C4C7227A3DA7100CE2E6C /* Resources */ = {
			isa = PBXResourcesBuildPhase;
			buildActionMask = 2147483647;
			files = (
				007C4C9427A3DA7100CE2E6C /* Assets.xcassets in Resources */,
			);
			runOnlyForDeploymentPostprocessing = 0;
		};
		007C4C7927A3DA7100CE2E6C /* Resources */ = {
			isa = PBXResourcesBuildPhase;
			buildActionMask = 2147483647;
			files = (
			);
			runOnlyForDeploymentPostprocessing = 0;
		};
		007C4C8527A3DA7100CE2E6C /* Resources */ = {
			isa = PBXResourcesBuildPhase;
			buildActionMask = 2147483647;
			files = (
			);
			runOnlyForDeploymentPostprocessing = 0;
		};
/* End PBXResourcesBuildPhase section */

/* Begin PBXSourcesBuildPhase section */
		007C4C6A27A3DA7100CE2E6C /* Sources */ = {
			isa = PBXSourcesBuildPhase;
			buildActionMask = 2147483647;
			files = (
				007C4CB227A3E0B200CE2E6C /* StartButtonView.swift in Sources */,
				007C4CB427A3E1D600CE2E6C /* RecipeDetailView.swift in Sources */,
				007C4CC227A3E5A000CE2E6C /* RecipeModel.swift in Sources */,
				007C4C9127A3DA7100CE2E6C /* ContentView.swift in Sources */,
				007C4CB027A3E06F00CE2E6C /* SourceLinkView.swift in Sources */,
				007C4CA827A3DE4500CE2E6C /* RecipeHeaderView.swift in Sources */,
				007C4CAA27A3DF2800CE2E6C /* RecipeNutrientsView.swift in Sources */,
				007C4CAE27A3E04200CE2E6C /* SettingsLabelView.swift in Sources */,
				007C4CAC27A3DFBD00CE2E6C /* RecipeRowView.swift in Sources */,
				007C4CB827A3E37C00CE2E6C /* SettingsRowView.swift in Sources */,
				007C4CBF27A3E4C500CE2E6C /* RecipeData.swift in Sources */,
				007C4C8F27A3DA7100CE2E6C /* RecipesApp.swift in Sources */,
				007C4CA627A3DD8E00CE2E6C /* RecipeCardView.swift in Sources */,
				007C4CB627A3E33E00CE2E6C /* OnboardingView.swift in Sources */,
				007C4CBA27A3E3EC00CE2E6C /* SettingsView.swift in Sources */,
			);
			runOnlyForDeploymentPostprocessing = 0;
		};
		007C4C7027A3DA7100CE2E6C /* Sources */ = {
			isa = PBXSourcesBuildPhase;
			buildActionMask = 2147483647;
			files = (
				007C4C9227A3DA7100CE2E6C /* ContentView.swift in Sources */,
				007C4C9027A3DA7100CE2E6C /* RecipesApp.swift in Sources */,
			);
			runOnlyForDeploymentPostprocessing = 0;
		};
		007C4C7727A3DA7100CE2E6C /* Sources */ = {
			isa = PBXSourcesBuildPhase;
			buildActionMask = 2147483647;
			files = (
				007C4C8227A3DA7100CE2E6C /* Tests_iOSLaunchTests.swift in Sources */,
				007C4C8027A3DA7100CE2E6C /* Tests_iOS.swift in Sources */,
			);
			runOnlyForDeploymentPostprocessing = 0;
		};
		007C4C8327A3DA7100CE2E6C /* Sources */ = {
			isa = PBXSourcesBuildPhase;
			buildActionMask = 2147483647;
			files = (
				007C4C8E27A3DA7100CE2E6C /* Tests_macOSLaunchTests.swift in Sources */,
				007C4C8C27A3DA7100CE2E6C /* Tests_macOS.swift in Sources */,
			);
			runOnlyForDeploymentPostprocessing = 0;
		};
/* End PBXSourcesBuildPhase section */

/* Begin PBXTargetDependency section */
		007C4C7D27A3DA7100CE2E6C /* PBXTargetDependency */ = {
			isa = PBXTargetDependency;
			target = 007C4C6D27A3DA7100CE2E6C /* Recipes (iOS) */;
			targetProxy = 007C4C7C27A3DA7100CE2E6C /* PBXContainerItemProxy */;
		};
		007C4C8927A3DA7100CE2E6C /* PBXTargetDependency */ = {
			isa = PBXTargetDependency;
			target = 007C4C7327A3DA7100CE2E6C /* Recipes (macOS) */;
			targetProxy = 007C4C8827A3DA7100CE2E6C /* PBXContainerItemProxy */;
		};
/* End PBXTargetDependency section */

/* Begin XCBuildConfiguration section */
		007C4C9527A3DA7100CE2E6C /* Debug */ = {
			isa = XCBuildConfiguration;
			buildSettings = {
				ALWAYS_SEARCH_USER_PATHS = NO;
				CLANG_ANALYZER_NONNULL = YES;
				CLANG_ANALYZER_NUMBER_OBJECT_CONVERSION = YES_AGGRESSIVE;
				CLANG_CXX_LANGUAGE_STANDARD = "gnu++17";
				CLANG_CXX_LIBRARY = "libc++";
				CLANG_ENABLE_MODULES = YES;
				CLANG_ENABLE_OBJC_ARC = YES;
				CLANG_ENABLE_OBJC_WEAK = YES;
				CLANG_WARN_BLOCK_CAPTURE_AUTORELEASING = YES;
				CLANG_WARN_BOOL_CONVERSION = YES;
				CLANG_WARN_COMMA = YES;
				CLANG_WARN_CONSTANT_CONVERSION = YES;
				CLANG_WARN_DEPRECATED_OBJC_IMPLEMENTATIONS = YES;
				CLANG_WARN_DIRECT_OBJC_ISA_USAGE = YES_ERROR;
				CLANG_WARN_DOCUMENTATION_COMMENTS = YES;
				CLANG_WARN_EMPTY_BODY = YES;
				CLANG_WARN_ENUM_CONVERSION = YES;
				CLANG_WARN_INFINITE_RECURSION = YES;
				CLANG_WARN_INT_CONVERSION = YES;
				CLANG_WARN_NON_LITERAL_NULL_CONVERSION = YES;
				CLANG_WARN_OBJC_IMPLICIT_RETAIN_SELF = YES;
				CLANG_WARN_OBJC_LITERAL_CONVERSION = YES;
				CLANG_WARN_OBJC_ROOT_CLASS = YES_ERROR;
				CLANG_WARN_QUOTED_INCLUDE_IN_FRAMEWORK_HEADER = YES;
				CLANG_WARN_RANGE_LOOP_ANALYSIS = YES;
				CLANG_WARN_STRICT_PROTOTYPES = YES;
				CLANG_WARN_SUSPICIOUS_MOVE = YES;
				CLANG_WARN_UNGUARDED_AVAILABILITY = YES_AGGRESSIVE;
				CLANG_WARN_UNREACHABLE_CODE = YES;
				CLANG_WARN__DUPLICATE_METHOD_MATCH = YES;
				COPY_PHASE_STRIP = NO;
				DEBUG_INFORMATION_FORMAT = dwarf;
				ENABLE_STRICT_OBJC_MSGSEND = YES;
				ENABLE_TESTABILITY = YES;
				GCC_C_LANGUAGE_STANDARD = gnu11;
				GCC_DYNAMIC_NO_PIC = NO;
				GCC_NO_COMMON_BLOCKS = YES;
				GCC_OPTIMIZATION_LEVEL = 0;
				GCC_PREPROCESSOR_DEFINITIONS = (
					"DEBUG=1",
					"$(inherited)",
				);
				GCC_WARN_64_TO_32_BIT_CONVERSION = YES;
				GCC_WARN_ABOUT_RETURN_TYPE = YES_ERROR;
				GCC_WARN_UNDECLARED_SELECTOR = YES;
				GCC_WARN_UNINITIALIZED_AUTOS = YES_AGGRESSIVE;
				GCC_WARN_UNUSED_FUNCTION = YES;
				GCC_WARN_UNUSED_VARIABLE = YES;
				MTL_ENABLE_DEBUG_INFO = INCLUDE_SOURCE;
				MTL_FAST_MATH = YES;
				ONLY_ACTIVE_ARCH = YES;
				SWIFT_ACTIVE_COMPILATION_CONDITIONS = DEBUG;
				SWIFT_OPTIMIZATION_LEVEL = "-Onone";
			};
			name = Debug;
		};
		007C4C9627A3DA7100CE2E6C /* Release */ = {
			isa = XCBuildConfiguration;
			buildSettings = {
				ALWAYS_SEARCH_USER_PATHS = NO;
				CLANG_ANALYZER_NONNULL = YES;
				CLANG_ANALYZER_NUMBER_OBJECT_CONVERSION = YES_AGGRESSIVE;
				CLANG_CXX_LANGUAGE_STANDARD = "gnu++17";
				CLANG_CXX_LIBRARY = "libc++";
				CLANG_ENABLE_MODULES = YES;
				CLANG_ENABLE_OBJC_ARC = YES;
				CLANG_ENABLE_OBJC_WEAK = YES;
				CLANG_WARN_BLOCK_CAPTURE_AUTORELEASING = YES;
				CLANG_WARN_BOOL_CONVERSION = YES;
				CLANG_WARN_COMMA = YES;
				CLANG_WARN_CONSTANT_CONVERSION = YES;
				CLANG_WARN_DEPRECATED_OBJC_IMPLEMENTATIONS = YES;
				CLANG_WARN_DIRECT_OBJC_ISA_USAGE = YES_ERROR;
				CLANG_WARN_DOCUMENTATION_COMMENTS = YES;
				CLANG_WARN_EMPTY_BODY = YES;
				CLANG_WARN_ENUM_CONVERSION = YES;
				CLANG_WARN_INFINITE_RECURSION = YES;
				CLANG_WARN_INT_CONVERSION = YES;
				CLANG_WARN_NON_LITERAL_NULL_CONVERSION = YES;
				CLANG_WARN_OBJC_IMPLICIT_RETAIN_SELF = YES;
				CLANG_WARN_OBJC_LITERAL_CONVERSION = YES;
				CLANG_WARN_OBJC_ROOT_CLASS = YES_ERROR;
				CLANG_WARN_QUOTED_INCLUDE_IN_FRAMEWORK_HEADER = YES;
				CLANG_WARN_RANGE_LOOP_ANALYSIS = YES;
				CLANG_WARN_STRICT_PROTOTYPES = YES;
				CLANG_WARN_SUSPICIOUS_MOVE = YES;
				CLANG_WARN_UNGUARDED_AVAILABILITY = YES_AGGRESSIVE;
				CLANG_WARN_UNREACHABLE_CODE = YES;
				CLANG_WARN__DUPLICATE_METHOD_MATCH = YES;
				COPY_PHASE_STRIP = NO;
				DEBUG_INFORMATION_FORMAT = "dwarf-with-dsym";
				ENABLE_NS_ASSERTIONS = NO;
				ENABLE_STRICT_OBJC_MSGSEND = YES;
				GCC_C_LANGUAGE_STANDARD = gnu11;
				GCC_NO_COMMON_BLOCKS = YES;
				GCC_WARN_64_TO_32_BIT_CONVERSION = YES;
				GCC_WARN_ABOUT_RETURN_TYPE = YES_ERROR;
				GCC_WARN_UNDECLARED_SELECTOR = YES;
				GCC_WARN_UNINITIALIZED_AUTOS = YES_AGGRESSIVE;
				GCC_WARN_UNUSED_FUNCTION = YES;
				GCC_WARN_UNUSED_VARIABLE = YES;
				MTL_ENABLE_DEBUG_INFO = NO;
				MTL_FAST_MATH = YES;
				SWIFT_COMPILATION_MODE = wholemodule;
				SWIFT_OPTIMIZATION_LEVEL = "-O";
			};
			name = Release;
		};
		007C4C9827A3DA7100CE2E6C /* Debug */ = {
			isa = XCBuildConfiguration;
			buildSettings = {
				ASSETCATALOG_COMPILER_APPICON_NAME = AppIcon;
				ASSETCATALOG_COMPILER_GLOBAL_ACCENT_COLOR_NAME = AccentColor;
				CODE_SIGN_STYLE = Automatic;
				CURRENT_PROJECT_VERSION = 1;
				DEVELOPMENT_TEAM = 44A9W687HB;
				ENABLE_PREVIEWS = YES;
				GENERATE_INFOPLIST_FILE = YES;
				INFOPLIST_KEY_UIApplicationSceneManifest_Generation = YES;
				INFOPLIST_KEY_UIApplicationSupportsIndirectInputEvents = YES;
				INFOPLIST_KEY_UILaunchScreen_Generation = YES;
				INFOPLIST_KEY_UISupportedInterfaceOrientations_iPad = "UIInterfaceOrientationPortrait UIInterfaceOrientationPortraitUpsideDown UIInterfaceOrientationLandscapeLeft UIInterfaceOrientationLandscapeRight";
				INFOPLIST_KEY_UISupportedInterfaceOrientations_iPhone = "UIInterfaceOrientationPortrait UIInterfaceOrientationLandscapeLeft UIInterfaceOrientationLandscapeRight";
				IPHONEOS_DEPLOYMENT_TARGET = 15.2;
				LD_RUNPATH_SEARCH_PATHS = (
					"$(inherited)",
					"@executable_path/Frameworks",
				);
				MARKETING_VERSION = 1.0;
				PRODUCT_BUNDLE_IDENTIFIER = lydia.Recipes;
				PRODUCT_NAME = Recipes;
				SDKROOT = iphoneos;
				SWIFT_EMIT_LOC_STRINGS = YES;
				SWIFT_VERSION = 5.0;
				TARGETED_DEVICE_FAMILY = "1,2";
			};
			name = Debug;
		};
		007C4C9927A3DA7100CE2E6C /* Release */ = {
			isa = XCBuildConfiguration;
			buildSettings = {
				ASSETCATALOG_COMPILER_APPICON_NAME = AppIcon;
				ASSETCATALOG_COMPILER_GLOBAL_ACCENT_COLOR_NAME = AccentColor;
				CODE_SIGN_STYLE = Automatic;
				CURRENT_PROJECT_VERSION = 1;
				DEVELOPMENT_TEAM = 44A9W687HB;
				ENABLE_PREVIEWS = YES;
				GENERATE_INFOPLIST_FILE = YES;
				INFOPLIST_KEY_UIApplicationSceneManifest_Generation = YES;
				INFOPLIST_KEY_UIApplicationSupportsIndirectInputEvents = YES;
				INFOPLIST_KEY_UILaunchScreen_Generation = YES;
				INFOPLIST_KEY_UISupportedInterfaceOrientations_iPad = "UIInterfaceOrientationPortrait UIInterfaceOrientationPortraitUpsideDown UIInterfaceOrientationLandscapeLeft UIInterfaceOrientationLandscapeRight";
				INFOPLIST_KEY_UISupportedInterfaceOrientations_iPhone = "UIInterfaceOrientationPortrait UIInterfaceOrientationLandscapeLeft UIInterfaceOrientationLandscapeRight";
				IPHONEOS_DEPLOYMENT_TARGET = 15.2;
				LD_RUNPATH_SEARCH_PATHS = (
					"$(inherited)",
					"@executable_path/Frameworks",
				);
				MARKETING_VERSION = 1.0;
				PRODUCT_BUNDLE_IDENTIFIER = lydia.Recipes;
				PRODUCT_NAME = Recipes;
				SDKROOT = iphoneos;
				SWIFT_EMIT_LOC_STRINGS = YES;
				SWIFT_VERSION = 5.0;
				TARGETED_DEVICE_FAMILY = "1,2";
				VALIDATE_PRODUCT = YES;
			};
			name = Release;
		};
		007C4C9B27A3DA7100CE2E6C /* Debug */ = {
			isa = XCBuildConfiguration;
			buildSettings = {
				ASSETCATALOG_COMPILER_APPICON_NAME = AppIcon;
				ASSETCATALOG_COMPILER_GLOBAL_ACCENT_COLOR_NAME = AccentColor;
				CODE_SIGN_ENTITLEMENTS = macOS/macOS.entitlements;
				CODE_SIGN_STYLE = Automatic;
				COMBINE_HIDPI_IMAGES = YES;
				CURRENT_PROJECT_VERSION = 1;
				DEVELOPMENT_TEAM = 44A9W687HB;
				ENABLE_HARDENED_RUNTIME = YES;
				ENABLE_PREVIEWS = YES;
				GENERATE_INFOPLIST_FILE = YES;
				INFOPLIST_KEY_NSHumanReadableCopyright = "";
				LD_RUNPATH_SEARCH_PATHS = (
					"$(inherited)",
					"@executable_path/../Frameworks",
				);
				MACOSX_DEPLOYMENT_TARGET = 12.0;
				MARKETING_VERSION = 1.0;
				PRODUCT_BUNDLE_IDENTIFIER = lydia.Recipes;
				PRODUCT_NAME = Recipes;
				SDKROOT = macosx;
				SWIFT_EMIT_LOC_STRINGS = YES;
				SWIFT_VERSION = 5.0;
			};
			name = Debug;
		};
		007C4C9C27A3DA7100CE2E6C /* Release */ = {
			isa = XCBuildConfiguration;
			buildSettings = {
				ASSETCATALOG_COMPILER_APPICON_NAME = AppIcon;
				ASSETCATALOG_COMPILER_GLOBAL_ACCENT_COLOR_NAME = AccentColor;
				CODE_SIGN_ENTITLEMENTS = macOS/macOS.entitlements;
				CODE_SIGN_STYLE = Automatic;
				COMBINE_HIDPI_IMAGES = YES;
				CURRENT_PROJECT_VERSION = 1;
				DEVELOPMENT_TEAM = 44A9W687HB;
				ENABLE_HARDENED_RUNTIME = YES;
				ENABLE_PREVIEWS = YES;
				GENERATE_INFOPLIST_FILE = YES;
				INFOPLIST_KEY_NSHumanReadableCopyright = "";
				LD_RUNPATH_SEARCH_PATHS = (
					"$(inherited)",
					"@executable_path/../Frameworks",
				);
				MACOSX_DEPLOYMENT_TARGET = 12.0;
				MARKETING_VERSION = 1.0;
				PRODUCT_BUNDLE_IDENTIFIER = lydia.Recipes;
				PRODUCT_NAME = Recipes;
				SDKROOT = macosx;
				SWIFT_EMIT_LOC_STRINGS = YES;
				SWIFT_VERSION = 5.0;
			};
			name = Release;
		};
		007C4C9E27A3DA7100CE2E6C /* Debug */ = {
			isa = XCBuildConfiguration;
			buildSettings = {
				ALWAYS_EMBED_SWIFT_STANDARD_LIBRARIES = YES;
				CODE_SIGN_STYLE = Automatic;
				CURRENT_PROJECT_VERSION = 1;
				DEVELOPMENT_TEAM = 44A9W687HB;
				GENERATE_INFOPLIST_FILE = YES;
				IPHONEOS_DEPLOYMENT_TARGET = 15.2;
				MARKETING_VERSION = 1.0;
				PRODUCT_BUNDLE_IDENTIFIER = "lydia.Tests-iOS";
				PRODUCT_NAME = "$(TARGET_NAME)";
				SDKROOT = iphoneos;
				SWIFT_EMIT_LOC_STRINGS = NO;
				SWIFT_VERSION = 5.0;
				TARGETED_DEVICE_FAMILY = "1,2";
				TEST_TARGET_NAME = "Recipes (iOS)";
			};
			name = Debug;
		};
		007C4C9F27A3DA7100CE2E6C /* Release */ = {
			isa = XCBuildConfiguration;
			buildSettings = {
				ALWAYS_EMBED_SWIFT_STANDARD_LIBRARIES = YES;
				CODE_SIGN_STYLE = Automatic;
				CURRENT_PROJECT_VERSION = 1;
				DEVELOPMENT_TEAM = 44A9W687HB;
				GENERATE_INFOPLIST_FILE = YES;
				IPHONEOS_DEPLOYMENT_TARGET = 15.2;
				MARKETING_VERSION = 1.0;
				PRODUCT_BUNDLE_IDENTIFIER = "lydia.Tests-iOS";
				PRODUCT_NAME = "$(TARGET_NAME)";
				SDKROOT = iphoneos;
				SWIFT_EMIT_LOC_STRINGS = NO;
				SWIFT_VERSION = 5.0;
				TARGETED_DEVICE_FAMILY = "1,2";
				TEST_TARGET_NAME = "Recipes (iOS)";
				VALIDATE_PRODUCT = YES;
			};
			name = Release;
		};
		007C4CA127A3DA7100CE2E6C /* Debug */ = {
			isa = XCBuildConfiguration;
			buildSettings = {
				ALWAYS_EMBED_SWIFT_STANDARD_LIBRARIES = YES;
				CODE_SIGN_STYLE = Automatic;
				CURRENT_PROJECT_VERSION = 1;
				DEVELOPMENT_TEAM = 44A9W687HB;
				GENERATE_INFOPLIST_FILE = YES;
				MACOSX_DEPLOYMENT_TARGET = 12.0;
				MARKETING_VERSION = 1.0;
				PRODUCT_BUNDLE_IDENTIFIER = "lydia.Tests-macOS";
				PRODUCT_NAME = "$(TARGET_NAME)";
				SDKROOT = macosx;
				SWIFT_EMIT_LOC_STRINGS = NO;
				SWIFT_VERSION = 5.0;
				TEST_TARGET_NAME = "Recipes (macOS)";
			};
			name = Debug;
		};
		007C4CA227A3DA7100CE2E6C /* Release */ = {
			isa = XCBuildConfiguration;
			buildSettings = {
				ALWAYS_EMBED_SWIFT_STANDARD_LIBRARIES = YES;
				CODE_SIGN_STYLE = Automatic;
				CURRENT_PROJECT_VERSION = 1;
				DEVELOPMENT_TEAM = 44A9W687HB;
				GENERATE_INFOPLIST_FILE = YES;
				MACOSX_DEPLOYMENT_TARGET = 12.0;
				MARKETING_VERSION = 1.0;
				PRODUCT_BUNDLE_IDENTIFIER = "lydia.Tests-macOS";
				PRODUCT_NAME = "$(TARGET_NAME)";
				SDKROOT = macosx;
				SWIFT_EMIT_LOC_STRINGS = NO;
				SWIFT_VERSION = 5.0;
				TEST_TARGET_NAME = "Recipes (macOS)";
			};
			name = Release;
		};
/* End XCBuildConfiguration section */

/* Begin XCConfigurationList section */
		007C4C6527A3DA7000CE2E6C /* Build configuration list for PBXProject "Recipes" */ = {
			isa = XCConfigurationList;
			buildConfigurations = (
				007C4C9527A3DA7100CE2E6C /* Debug */,
				007C4C9627A3DA7100CE2E6C /* Release */,
			);
			defaultConfigurationIsVisible = 0;
			defaultConfigurationName = Release;
		};
		007C4C9727A3DA7100CE2E6C /* Build configuration list for PBXNativeTarget "Recipes (iOS)" */ = {
			isa = XCConfigurationList;
			buildConfigurations = (
				007C4C9827A3DA7100CE2E6C /* Debug */,
				007C4C9927A3DA7100CE2E6C /* Release */,
			);
			defaultConfigurationIsVisible = 0;
			defaultConfigurationName = Release;
		};
		007C4C9A27A3DA7100CE2E6C /* Build configuration list for PBXNativeTarget "Recipes (macOS)" */ = {
			isa = XCConfigurationList;
			buildConfigurations = (
				007C4C9B27A3DA7100CE2E6C /* Debug */,
				007C4C9C27A3DA7100CE2E6C /* Release */,
			);
			defaultConfigurationIsVisible = 0;
			defaultConfigurationName = Release;
		};
		007C4C9D27A3DA7100CE2E6C /* Build configuration list for PBXNativeTarget "Tests iOS" */ = {
			isa = XCConfigurationList;
			buildConfigurations = (
				007C4C9E27A3DA7100CE2E6C /* Debug */,
				007C4C9F27A3DA7100CE2E6C /* Release */,
			);
			defaultConfigurationIsVisible = 0;
			defaultConfigurationName = Release;
		};
		007C4CA027A3DA7100CE2E6C /* Build configuration list for PBXNativeTarget "Tests macOS" */ = {
			isa = XCConfigurationList;
			buildConfigurations = (
				007C4CA127A3DA7100CE2E6C /* Debug */,
				007C4CA227A3DA7100CE2E6C /* Release */,
			);
			defaultConfigurationIsVisible = 0;
			defaultConfigurationName = Release;
		};
/* End XCConfigurationList section */
	};
	rootObject = 007C4C6227A3DA7000CE2E6C /* Project object */;
}
